{
  "nodes": {
    "caddy-nix": {
      "locked": {
        "lastModified": 1735284852,
        "narHash": "sha256-mQu3IwEO294DuB7XAXOvOLriElDgRTf6rTLoDh3tMFQ=",
        "owner": "vincentbernat",
        "repo": "caddy-nix",
        "rev": "b421380ded7c000f432092df0f1a7afd9e187173",
        "type": "github"
      },
      "original": {
        "owner": "vincentbernat",
        "repo": "caddy-nix",
        "type": "github"
      }
    },
    "crane": {
      "inputs": {
        "nixpkgs": [
          "lanzaboote",
          "nixpkgs"
        ]
      },
      "locked": {
        "lastModified": 1717535930,
        "narHash": "sha256-1hZ/txnbd/RmiBPNUs7i8UQw2N89uAK3UzrGAWdnFfU=",
        "owner": "ipetkov",
        "repo": "crane",
        "rev": "55e7754ec31dac78980c8be45f8a28e80e370946",
        "type": "github"
      },
      "original": {
        "owner": "ipetkov",
        "repo": "crane",
        "type": "github"
      }
    },
    "devshell": {
      "inputs": {
        "nixpkgs": [
          "rebmit",
          "nixpkgs"
        ]
      },
      "locked": {
        "lastModified": 1735644329,
        "narHash": "sha256-tO3HrHriyLvipc4xr+Ewtdlo7wM1OjXNjlWRgmM7peY=",
        "owner": "numtide",
        "repo": "devshell",
        "rev": "f7795ede5b02664b57035b3b757876703e2c3eac",
        "type": "github"
      },
      "original": {
        "owner": "numtide",
        "repo": "devshell",
        "type": "github"
      }
    },
    "disko": {
      "inputs": {
        "nixpkgs": [
          "nixpkgs"
        ]
      },
      "locked": {
        "lastModified": 1728673344,
        "narHash": "sha256-O0QVhsj9I/hmcIqJ4qCqFyzvjYL+dtzJP0C5MFd8O/Y=",
        "owner": "nix-community",
        "repo": "disko",
        "rev": "ff0a471763faaaca1859fd6de80f44fa0fce91a6",
        "type": "github"
      },
      "original": {
        "owner": "nix-community",
        "ref": "v1.8.2",
        "repo": "disko",
        "type": "github"
      }
    },
    "dns": {
      "inputs": {
        "flake-utils": [
          "flake-utils"
        ],
        "nixpkgs": [
          "nixpkgs"
        ]
      },
      "locked": {
        "lastModified": 1716554081,
        "narHash": "sha256-N70c7NLGdp4zmKTEJa0zViJ8SRIN2OFi22cxN7NR1bk=",
        "owner": "NickCao",
        "repo": "dns.nix",
        "rev": "cd98f05212793e9e8102fcb101748aa135a719b3",
        "type": "github"
      },
      "original": {
        "owner": "NickCao",
        "repo": "dns.nix",
        "type": "github"
      }
    },
    "flake-compat": {
      "flake": false,
      "locked": {
        "lastModified": 1733328505,
        "narHash": "sha256-NeCCThCEP3eCl2l/+27kNNK7QrwZB1IJCrXfrbv5oqU=",
        "owner": "edolstra",
        "repo": "flake-compat",
        "rev": "ff81ac966bb2cae68946d5ed5fc4994f96d0ffec",
        "type": "github"
      },
      "original": {
        "owner": "edolstra",
        "repo": "flake-compat",
        "type": "github"
      }
    },
    "flake-parts": {
      "inputs": {
        "nixpkgs-lib": [
          "rebmit",
          "nixpkgs"
        ]
      },
      "locked": {
        "lastModified": 1735774679,
        "narHash": "sha256-soePLBazJk0qQdDVhdbM98vYdssfs3WFedcq+raipRI=",
        "owner": "hercules-ci",
        "repo": "flake-parts",
        "rev": "f2f7418ce0ab4a5309a4596161d154cfc877af66",
        "type": "github"
      },
      "original": {
        "owner": "hercules-ci",
        "repo": "flake-parts",
        "type": "github"
      }
    },
    "flake-utils": {
      "inputs": {
        "systems": "systems"
      },
      "locked": {
        "lastModified": 1731533236,
        "narHash": "sha256-l0KFg5HjrsfsO/JpG+r7fRrqm12kzFHyUHqHCVpMMbI=",
        "owner": "numtide",
        "repo": "flake-utils",
        "rev": "11707dc2f618dd54ca8739b309ec4fc024de578b",
        "type": "github"
      },
      "original": {
        "owner": "numtide",
        "repo": "flake-utils",
        "type": "github"
      }
    },
    "git-hooks-nix": {
      "inputs": {
        "flake-compat": [
          "rebmit",
          "flake-compat"
        ],
        "gitignore": [
          "rebmit",
          "gitignore-nix"
        ],
        "nixpkgs": [
          "rebmit",
          "nixpkgs"
        ]
      },
      "locked": {
        "lastModified": 1735882644,
        "narHash": "sha256-3FZAG+pGt3OElQjesCAWeMkQ7C/nB1oTHLRQ8ceP110=",
        "owner": "cachix",
        "repo": "git-hooks.nix",
        "rev": "a5a961387e75ae44cc20f0a57ae463da5e959656",
        "type": "github"
      },
      "original": {
        "owner": "cachix",
        "repo": "git-hooks.nix",
        "type": "github"
      }
    },
    "gitignore-nix": {
      "inputs": {
        "nixpkgs": [
          "rebmit",
          "nixpkgs"
        ]
      },
      "locked": {
        "lastModified": 1709087332,
        "narHash": "sha256-HG2cCnktfHsKV0s4XW83gU3F57gaTljL9KNSuG6bnQs=",
        "owner": "hercules-ci",
        "repo": "gitignore.nix",
        "rev": "637db329424fd7e46cf4185293b9cc8c88c95394",
        "type": "github"
      },
      "original": {
        "owner": "hercules-ci",
        "repo": "gitignore.nix",
        "type": "github"
      }
    },
    "haumea": {
      "inputs": {
        "nixpkgs": [
          "rebmit",
          "nixpkgs"
        ]
      },
      "locked": {
        "lastModified": 1708375098,
        "narHash": "sha256-DaFJp3wDHgOqx98U0SF57bXaH2Orp106c+jSdPCVu1E=",
        "owner": "nix-community",
        "repo": "haumea",
        "rev": "ec6350fd9353e7f27ce0e85d31f82e3ed73e4d70",
        "type": "github"
      },
      "original": {
        "owner": "nix-community",
        "repo": "haumea",
        "type": "github"
      }
    },
    "home-manager": {
      "inputs": {
        "nixpkgs": [
          "nixpkgs"
        ]
      },
      "locked": {
        "lastModified": 1735947440,
        "narHash": "sha256-jnEcfmOhWntmVEcqlvs+j532+mvmgsKtQSSfukgkn+A=",
        "owner": "nix-community",
        "repo": "home-manager",
        "rev": "a9987622b7b93c82e147f198574e8e6ffbf5e327",
        "type": "github"
      },
      "original": {
        "owner": "nix-community",
        "repo": "home-manager",
        "type": "github"
      }
    },
    "lanzaboote": {
      "inputs": {
        "crane": "crane",
        "flake-compat": [
          "flake-compat"
        ],
        "flake-parts": [
          "flake-parts"
        ],
        "flake-utils": [
          "flake-utils"
        ],
        "nixpkgs": [
          "nixpkgs"
        ],
        "pre-commit-hooks-nix": [
          "git-hooks-nix"
        ],
        "rust-overlay": "rust-overlay"
      },
      "locked": {
        "lastModified": 1718178907,
        "narHash": "sha256-eSZyrQ9uoPB9iPQ8Y5H7gAmAgAvCw3InStmU3oEjqsE=",
        "owner": "nix-community",
        "repo": "lanzaboote",
        "rev": "b627ccd97d0159214cee5c7db1412b75e4be6086",
        "type": "github"
      },
      "original": {
        "owner": "nix-community",
        "ref": "v0.4.1",
        "repo": "lanzaboote",
        "type": "github"
      }
    },
    "niri-flake": {
      "inputs": {
        "niri-stable": "niri-stable",
        "niri-unstable": "niri-unstable",
        "nixpkgs": [
          "nixpkgs"
        ],
        "nixpkgs-stable": [
          "nixpkgs"
        ],
        "xwayland-satellite-stable": "xwayland-satellite-stable",
        "xwayland-satellite-unstable": "xwayland-satellite-unstable"
      },
      "locked": {
        "lastModified": 1735926524,
        "narHash": "sha256-BRcp1VNIeGL709AfiVTKx06ZnjhuixZtB7Wjryo8c+s=",
        "owner": "sodiboo",
        "repo": "niri-flake",
        "rev": "470ebbc098914eded248cc257bcd67f0036e96a4",
        "type": "github"
      },
      "original": {
        "owner": "sodiboo",
        "repo": "niri-flake",
        "type": "github"
      }
    },
    "niri-stable": {
      "flake": false,
      "locked": {
        "lastModified": 1731483594,
        "narHash": "sha256-Qjf7alRbPPERfiZsM9EMKX+HwjESky1tieh5PJIkLwE=",
        "owner": "YaLTeR",
        "repo": "niri",
        "rev": "75c79116a7e40cbc0e110ce0cdd500e896458679",
        "type": "github"
      },
      "original": {
        "owner": "YaLTeR",
        "ref": "v0.1.10.1",
        "repo": "niri",
        "type": "github"
      }
    },
    "niri-unstable": {
      "flake": false,
      "locked": {
        "lastModified": 1735914396,
        "narHash": "sha256-QMvvPKqqaTCfGQf4v77lyz8n8gabuQbocc5tzA8x8cw=",
        "owner": "YaLTeR",
        "repo": "niri",
        "rev": "b3c6f0e661878c7ab4f3c84c480ae61a5de5d3b3",
        "type": "github"
      },
      "original": {
        "owner": "YaLTeR",
        "repo": "niri",
        "type": "github"
      }
    },
    "nixpkgs-terraform-providers-bin": {
      "inputs": {
        "nixpkgs": [
          "nixpkgs"
        ]
      },
      "locked": {
        "lastModified": 1735951794,
        "narHash": "sha256-l/BW3nPCgU9hAx0ZvTJBiCTRfAq7FrlldqZK9J52UTs=",
        "owner": "nix-community",
        "repo": "nixpkgs-terraform-providers-bin",
        "rev": "02b94d27fff902f7cb4016cd1ca798ae6200755e",
        "type": "github"
      },
      "original": {
        "owner": "nix-community",
        "repo": "nixpkgs-terraform-providers-bin",
        "type": "github"
      }
    },
    "nixpkgs-unstable": {
      "locked": {
        "lastModified": 1735969814,
        "narHash": "sha256-aZXDu+GuOzAe0apRTMTsMNofk19ea+eJuYmD+XiMXDE=",
        "rev": "3bc26b44002b0da9544ff1955217832b5d4a6b97",
        "type": "tarball",
        "url": "https://git.rebmit.moe/api/v1/repos/rebmit/nixpkgs/archive/3bc26b44002b0da9544ff1955217832b5d4a6b97.tar.gz"
      },
      "original": {
        "type": "tarball",
        "url": "https://git.rebmit.moe/rebmit/nixpkgs/archive/nixos-unstable.tar.gz"
      }
    },
    "preservation": {
      "locked": {
        "lastModified": 1735322114,
        "narHash": "sha256-b0ftF6cGH0JoZin93bmycx5qvM4fx6jCR8eM0q6k64s=",
        "owner": "WilliButz",
        "repo": "preservation",
        "rev": "089ffe54b44db2b6418dd024a7266c8c9343f805",
        "type": "github"
      },
      "original": {
        "owner": "WilliButz",
        "repo": "preservation",
        "type": "github"
      }
    },
    "rebmit": {
      "inputs": {
        "devshell": "devshell",
        "flake-compat": "flake-compat",
        "flake-parts": "flake-parts",
        "git-hooks-nix": "git-hooks-nix",
        "gitignore-nix": "gitignore-nix",
        "haumea": "haumea",
        "nixpkgs": [
          "rebmit",
          "nixpkgs-unstable"
        ],
        "nixpkgs-unstable": "nixpkgs-unstable",
        "treefmt-nix": "treefmt-nix"
      },
      "locked": {
        "lastModified": 1735969941,
        "narHash": "sha256-YAw6dt9efAzR6C5Rc+ue7rYQNDpTOxThnmpHu1ErFfA=",
        "rev": "f1b5d68d6010cd8b3a748471ca2ebc80849ac160",
        "type": "tarball",
        "url": "https://git.rebmit.moe/api/v1/repos/rebmit/nix-exprs/archive/f1b5d68d6010cd8b3a748471ca2ebc80849ac160.tar.gz"
      },
      "original": {
        "type": "tarball",
        "url": "https://git.rebmit.moe/rebmit/nix-exprs/archive/master.tar.gz"
      }
    },
    "root": {
      "inputs": {
        "caddy-nix": "caddy-nix",
        "devshell": [
          "rebmit",
          "devshell"
        ],
        "disko": "disko",
        "dns": "dns",
        "flake-compat": [
          "rebmit",
          "flake-compat"
        ],
        "flake-parts": [
          "rebmit",
          "flake-parts"
        ],
        "flake-utils": "flake-utils",
        "git-hooks-nix": [
          "rebmit",
          "git-hooks-nix"
        ],
        "home-manager": "home-manager",
        "lanzaboote": "lanzaboote",
        "niri-flake": "niri-flake",
        "nixpkgs": [
          "rebmit",
          "nixpkgs"
        ],
        "nixpkgs-terraform-providers-bin": "nixpkgs-terraform-providers-bin",
        "nixpkgs-unstable": [
          "rebmit",
          "nixpkgs-unstable"
        ],
        "preservation": "preservation",
        "rebmit": "rebmit",
        "sops-nix": "sops-nix",
        "treefmt-nix": [
          "rebmit",
          "treefmt-nix"
        ]
      }
    },
    "rust-overlay": {
      "inputs": {
        "flake-utils": [
          "lanzaboote",
          "flake-utils"
        ],
        "nixpkgs": [
          "lanzaboote",
          "nixpkgs"
        ]
      },
      "locked": {
        "lastModified": 1717813066,
        "narHash": "sha256-wqbRwq3i7g5EHIui0bIi84mdqZ/It1AXBSLJ5tafD28=",
        "owner": "oxalica",
        "repo": "rust-overlay",
        "rev": "6dc3e45fe4aee36efeed24d64fc68b1f989d5465",
        "type": "github"
      },
      "original": {
        "owner": "oxalica",
        "repo": "rust-overlay",
        "type": "github"
      }
    },
    "sops-nix": {
      "inputs": {
        "nixpkgs": [
          "nixpkgs"
        ]
      },
      "locked": {
        "lastModified": 1735844895,
        "narHash": "sha256-CIRlqX9tBK2awJkmVu2cKuap/0QziDXStQZ/u/+e8Z4=",
        "owner": "Mic92",
        "repo": "sops-nix",
        "rev": "24d89184adf76d7ccc99e659dc5f3838efb5ee32",
        "type": "github"
      },
      "original": {
        "owner": "Mic92",
        "repo": "sops-nix",
        "type": "github"
      }
    },
    "systems": {
      "locked": {
        "lastModified": 1681028828,
        "narHash": "sha256-Vy1rq5AaRuLzOxct8nz4T6wlgyUR7zLU309k9mBC768=",
        "owner": "nix-systems",
        "repo": "default",
        "rev": "da67096a3b9bf56a91d16901293e51ba5b49a27e",
        "type": "github"
      },
      "original": {
        "owner": "nix-systems",
        "repo": "default",
        "type": "github"
      }
    },
    "treefmt-nix": {
      "inputs": {
        "nixpkgs": [
          "rebmit",
          "nixpkgs"
        ]
      },
      "locked": {
        "lastModified": 1735905407,
        "narHash": "sha256-1hKMRIT+QZNWX46e4gIovoQ7H8QRb7803ZH4qSKI45o=",
        "owner": "numtide",
        "repo": "treefmt-nix",
        "rev": "29806abab803e498df96d82dd6f34b32eb8dd2c8",
        "type": "github"
      },
      "original": {
        "owner": "numtide",
        "repo": "treefmt-nix",
        "type": "github"
      }
    },
    "xwayland-satellite-stable": {
      "flake": false,
      "locked": {
        "lastModified": 1730166465,
        "narHash": "sha256-nq7bouXQXaaPPo/E+Jbq+wNHnatD4dY8OxSrRqzvy6s=",
        "owner": "Supreeeme",
        "repo": "xwayland-satellite",
        "rev": "a713cf46cb7db84a0d1b57c3a397c610cad3cf98",
        "type": "github"
      },
      "original": {
        "owner": "Supreeeme",
        "ref": "v0.5",
        "repo": "xwayland-satellite",
        "type": "github"
      }
    },
    "xwayland-satellite-unstable": {
      "flake": false,
      "locked": {
        "lastModified": 1734745564,
        "narHash": "sha256-JQNl4pqonVVPQ2JzEOLUcPVRNj//FFFNRDyvQoOkG7s=",
        "owner": "Supreeeme",
        "repo": "xwayland-satellite",
        "rev": "94da1af75326d89ecb12aba0cc9362e93ffdc766",
        "type": "github"
      },
      "original": {
        "owner": "Supreeeme",
        "repo": "xwayland-satellite",
        "type": "github"
      }
    }
  },
  "root": "root",
  "version": 7
}
